
Microsoft Visual Studio Solution File, Format Version 12.00
# Visual Studio Express 14 for Windows Desktop
VisualStudioVersion = 14.0.24720.0
MinimumVisualStudioVersion = 10.0.40219.1
Project("{8BC9CEB8-8B4A-11D0-8D11-00A0C91BC942}") = "1-1 Account Lab", "1-1 Account Lab\Lab 1-1 Account.vcxproj", "{2D74A05F-6C45-4190-A8EE-3989CCB33D1A}"
EndProject
Project("{8BC9CEB8-8B4A-11D0-8D11-00A0C91BC942}") = "1-2 Invoice Lab", "1-2 Invoice Lab\Invoice Lab.vcxproj", "{4A71DCEB-C36C-447B-9F43-2D7BF64900AE}"
EndProject
Project("{8BC9CEB8-8B4A-11D0-8D11-00A0C91BC942}") = "2-1 Complex Lab", "2-1 Complex Lab\2-1 Complex Lab.vcxproj", "{289D4D32-B7F6-4281-8605-3D904967E3CF}"
EndProject
Project("{8BC9CEB8-8B4A-11D0-8D11-00A0C91BC942}") = "2-2 Rational Lab", "2-2 Rational Lab\2-2 Rational Lab.vcxproj", "{9F73837D-9E6D-4F04-87AF-0A3BEBCF9179}"
EndProject
Project("{8BC9CEB8-8B4A-11D0-8D11-00A0C91BC942}") = "1-3 Employee Lab", "1-3 Employee Lab\1-3 Employee Lab.vcxproj", "{97285CF6-483E-46C3-B25E-72C575BBEBFA}"
EndProject
Project("{8BC9CEB8-8B4A-11D0-8D11-00A0C91BC942}") = "1-4 Date Lab", "1-4 Date lab\1-4 Date lab.vcxproj", "{79C535AE-D85D-4DE9-86EC-B5C38FCE8712}"
EndProject
Project("{8BC9CEB8-8B4A-11D0-8D11-00A0C91BC942}") = "2-3 Rectangle Class", "2-3 Rectangle Class\2-3 Rectangle Class.vcxproj", "{8BF50BF9-38AB-4862-BF58-24EDA0DD02F8}"
EndProject
Project("{8BC9CEB8-8B4A-11D0-8D11-00A0C91BC942}") = "2-4 TicTacToe Lab", "2-4 TicTacToe Lab\2-4 TicTacToe Lab.vcxproj", "{DA34D148-852C-4585-A6AA-94101E1D4127}"
EndProject
Global
	GlobalSection(SolutionConfigurationPlatforms) = preSolution
		Debug|x64 = Debug|x64
		Debug|x86 = Debug|x86
		Release|x64 = Release|x64
		Release|x86 = Release|x86
	EndGlobalSection
	GlobalSection(ProjectConfigurationPlatforms) = postSolution
		{2D74A05F-6C45-4190-A8EE-3989CCB33D1A}.Debug|x64.ActiveCfg = Debug|x64
		{2D74A05F-6C45-4190-A8EE-3989CCB33D1A}.Debug|x64.Build.0 = Debug|x64
		{2D74A05F-6C45-4190-A8EE-3989CCB33D1A}.Debug|x86.ActiveCfg = Debug|Win32
		{2D74A05F-6C45-4190-A8EE-3989CCB33D1A}.Debug|x86.Build.0 = Debug|Win32
		{2D74A05F-6C45-4190-A8EE-3989CCB33D1A}.Release|x64.ActiveCfg = Release|x64
		{2D74A05F-6C45-4190-A8EE-3989CCB33D1A}.Release|x64.Build.0 = Release|x64
		{2D74A05F-6C45-4190-A8EE-3989CCB33D1A}.Release|x86.ActiveCfg = Release|Win32
		{2D74A05F-6C45-4190-A8EE-3989CCB33D1A}.Release|x86.Build.0 = Release|Win32
		{4A71DCEB-C36C-447B-9F43-2D7BF64900AE}.Debug|x64.ActiveCfg = Debug|x64
		{4A71DCEB-C36C-447B-9F43-2D7BF64900AE}.Debug|x64.Build.0 = Debug|x64
		{4A71DCEB-C36C-447B-9F43-2D7BF64900AE}.Debug|x86.ActiveCfg = Debug|Win32
		{4A71DCEB-C36C-447B-9F43-2D7BF64900AE}.Debug|x86.Build.0 = Debug|Win32
		{4A71DCEB-C36C-447B-9F43-2D7BF64900AE}.Release|x64.ActiveCfg = Release|x64
		{4A71DCEB-C36C-447B-9F43-2D7BF64900AE}.Release|x64.Build.0 = Release|x64
		{4A71DCEB-C36C-447B-9F43-2D7BF64900AE}.Release|x86.ActiveCfg = Release|Win32
		{4A71DCEB-C36C-447B-9F43-2D7BF64900AE}.Release|x86.Build.0 = Release|Win32
		{289D4D32-B7F6-4281-8605-3D904967E3CF}.Debug|x64.ActiveCfg = Debug|x64
		{289D4D32-B7F6-4281-8605-3D904967E3CF}.Debug|x64.Build.0 = Debug|x64
		{289D4D32-B7F6-4281-8605-3D904967E3CF}.Debug|x86.ActiveCfg = Debug|Win32
		{289D4D32-B7F6-4281-8605-3D904967E3CF}.Debug|x86.Build.0 = Debug|Win32
		{289D4D32-B7F6-4281-8605-3D904967E3CF}.Release|x64.ActiveCfg = Release|x64
		{289D4D32-B7F6-4281-8605-3D904967E3CF}.Release|x64.Build.0 = Release|x64
		{289D4D32-B7F6-4281-8605-3D904967E3CF}.Release|x86.ActiveCfg = Release|Win32
		{289D4D32-B7F6-4281-8605-3D904967E3CF}.Release|x86.Build.0 = Release|Win32
		{9F73837D-9E6D-4F04-87AF-0A3BEBCF9179}.Debug|x64.ActiveCfg = Debug|x64
		{9F73837D-9E6D-4F04-87AF-0A3BEBCF9179}.Debug|x64.Build.0 = Debug|x64
		{9F73837D-9E6D-4F04-87AF-0A3BEBCF9179}.Debug|x86.ActiveCfg = Debug|Win32
		{9F73837D-9E6D-4F04-87AF-0A3BEBCF9179}.Debug|x86.Build.0 = Debug|Win32
		{9F73837D-9E6D-4F04-87AF-0A3BEBCF9179}.Release|x64.ActiveCfg = Release|x64
		{9F73837D-9E6D-4F04-87AF-0A3BEBCF9179}.Release|x64.Build.0 = Release|x64
		{9F73837D-9E6D-4F04-87AF-0A3BEBCF9179}.Release|x86.ActiveCfg = Release|Win32
		{9F73837D-9E6D-4F04-87AF-0A3BEBCF9179}.Release|x86.Build.0 = Release|Win32
		{97285CF6-483E-46C3-B25E-72C575BBEBFA}.Debug|x64.ActiveCfg = Debug|x64
		{97285CF6-483E-46C3-B25E-72C575BBEBFA}.Debug|x64.Build.0 = Debug|x64
		{97285CF6-483E-46C3-B25E-72C575BBEBFA}.Debug|x86.ActiveCfg = Debug|Win32
		{97285CF6-483E-46C3-B25E-72C575BBEBFA}.Debug|x86.Build.0 = Debug|Win32
		{97285CF6-483E-46C3-B25E-72C575BBEBFA}.Release|x64.ActiveCfg = Release|x64
		{97285CF6-483E-46C3-B25E-72C575BBEBFA}.Release|x64.Build.0 = Release|x64
		{97285CF6-483E-46C3-B25E-72C575BBEBFA}.Release|x86.ActiveCfg = Release|Win32
		{97285CF6-483E-46C3-B25E-72C575BBEBFA}.Release|x86.Build.0 = Release|Win32
		{79C535AE-D85D-4DE9-86EC-B5C38FCE8712}.Debug|x64.ActiveCfg = Debug|x64
		{79C535AE-D85D-4DE9-86EC-B5C38FCE8712}.Debug|x64.Build.0 = Debug|x64
		{79C535AE-D85D-4DE9-86EC-B5C38FCE8712}.Debug|x86.ActiveCfg = Debug|Win32
		{79C535AE-D85D-4DE9-86EC-B5C38FCE8712}.Debug|x86.Build.0 = Debug|Win32
		{79C535AE-D85D-4DE9-86EC-B5C38FCE8712}.Release|x64.ActiveCfg = Release|x64
		{79C535AE-D85D-4DE9-86EC-B5C38FCE8712}.Release|x64.Build.0 = Release|x64
		{79C535AE-D85D-4DE9-86EC-B5C38FCE8712}.Release|x86.ActiveCfg = Release|Win32
		{79C535AE-D85D-4DE9-86EC-B5C38FCE8712}.Release|x86.Build.0 = Release|Win32
		{8BF50BF9-38AB-4862-BF58-24EDA0DD02F8}.Debug|x64.ActiveCfg = Debug|x64
		{8BF50BF9-38AB-4862-BF58-24EDA0DD02F8}.Debug|x64.Build.0 = Debug|x64
		{8BF50BF9-38AB-4862-BF58-24EDA0DD02F8}.Debug|x86.ActiveCfg = Debug|Win32
		{8BF50BF9-38AB-4862-BF58-24EDA0DD02F8}.Debug|x86.Build.0 = Debug|Win32
		{8BF50BF9-38AB-4862-BF58-24EDA0DD02F8}.Release|x64.ActiveCfg = Release|x64
		{8BF50BF9-38AB-4862-BF58-24EDA0DD02F8}.Release|x64.Build.0 = Release|x64
		{8BF50BF9-38AB-4862-BF58-24EDA0DD02F8}.Release|x86.ActiveCfg = Release|Win32
		{8BF50BF9-38AB-4862-BF58-24EDA0DD02F8}.Release|x86.Build.0 = Release|Win32
		{DA34D148-852C-4585-A6AA-94101E1D4127}.Debug|x64.ActiveCfg = Debug|x64
		{DA34D148-852C-4585-A6AA-94101E1D4127}.Debug|x64.Build.0 = Debug|x64
		{DA34D148-852C-4585-A6AA-94101E1D4127}.Debug|x86.ActiveCfg = Debug|Win32
		{DA34D148-852C-4585-A6AA-94101E1D4127}.Debug|x86.Build.0 = Debug|Win32
		{DA34D148-852C-4585-A6AA-94101E1D4127}.Release|x64.ActiveCfg = Release|x64
		{DA34D148-852C-4585-A6AA-94101E1D4127}.Release|x64.Build.0 = Release|x64
		{DA34D148-852C-4585-A6AA-94101E1D4127}.Release|x86.ActiveCfg = Release|Win32
		{DA34D148-852C-4585-A6AA-94101E1D4127}.Release|x86.Build.0 = Release|Win32
	EndGlobalSection
	GlobalSection(SolutionProperties) = preSolution
		HideSolutionNode = FALSE
	EndGlobalSection
EndGlobal
