
Microsoft Visual Studio Solution File, Format Version 12.00
# Visual Studio Express 14 for Windows Desktop
VisualStudioVersion = 14.0.24720.0
MinimumVisualStudioVersion = 10.0.40219.1
Project("{8BC9CEB8-8B4A-11D0-8D11-00A0C91BC942}") = "ALG-Q1 Palindrome Quiz", "ALG-Q1 Palindrome Quiz\Palindrome Quiz.vcxproj", "{C92E3B94-C8B4-4E5D-88FF-C3CA65AA6B73}"
EndProject
Project("{8BC9CEB8-8B4A-11D0-8D11-00A0C91BC942}") = "OOP-E1 Grade List", "OOP-E1 Grade Writer Class\OOP-E1 Grade Writer.vcxproj", "{6FCFF42E-2AFC-4A5B-912D-09ADF81D13A7}"
EndProject
Project("{8BC9CEB8-8B4A-11D0-8D11-00A0C91BC942}") = "OOP-Q1 Elevator Quiz", "OOP-Q1 Elevator Quiz\OOP-Q1 Elevator Quiz.vcxproj", "{A4AD5A68-D826-413A-ABB2-13B3D532A1AA}"
EndProject
Project("{8BC9CEB8-8B4A-11D0-8D11-00A0C91BC942}") = "OOP-Q2 Car Class", "OOP-Q2 Car Class\OOP-Q2 Car Class.vcxproj", "{D67796D7-3D0F-4929-BAD1-9410EFBDBCFA}"
EndProject
Project("{8BC9CEB8-8B4A-11D0-8D11-00A0C91BC942}") = "OOP-Q3 Check Writer", "OOP-Q3 Check Writer Class\OOP-Q3 Check Writer.vcxproj", "{2373E886-C0AD-4702-B0BE-3A6967678B8B}"
EndProject
Project("{8BC9CEB8-8B4A-11D0-8D11-00A0C91BC942}") = "ALG-Q2 Missing Number", "ALG-Q2 Missing Number Quiz\Quiz.vcxproj", "{044684DA-2E54-4628-BCFD-B795C281EDF6}"
EndProject
Project("{8BC9CEB8-8B4A-11D0-8D11-00A0C91BC942}") = "ALG-Q3 Set Intersection", "ALG-Q3 Set Intersection Quiz\ALG-Q3 Set Intersection.vcxproj", "{2C7BDF24-5040-49B1-8AD5-8EC0A9408223}"
EndProject
Project("{8BC9CEB8-8B4A-11D0-8D11-00A0C91BC942}") = "OOP-Q4 Password Class", "OOP-Q4 Password Class\OOP-Q4 Password Class.vcxproj", "{32E4652A-C921-45F4-B68C-C514798C3C20}"
EndProject
Project("{8BC9CEB8-8B4A-11D0-8D11-00A0C91BC942}") = "ALG-Q5 Turkey Pizza", "ALG-Q5 Turkey Pizza\ALG=Q5 Turkey Pizza.vcxproj", "{CC2FA1D5-B84B-4051-8247-BB96903710FD}"
EndProject
Project("{8BC9CEB8-8B4A-11D0-8D11-00A0C91BC942}") = "ALG-Q4 Skyline", "ALG-Q4 Skyline\ALG-Q4 Skyline.vcxproj", "{A8500A41-8FF1-4BE7-88A7-CC824A860ED5}"
EndProject
Project("{8BC9CEB8-8B4A-11D0-8D11-00A0C91BC942}") = "OOP-E2 Monkey Buisness", "OOP-E2 Monkey Business\OOP-E2 Monkey Buisness.vcxproj", "{8C1BA1DD-9D24-422D-9AC0-CF2756FBA2F2}"
EndProject
Global
	GlobalSection(SolutionConfigurationPlatforms) = preSolution
		Debug|x64 = Debug|x64
		Debug|x86 = Debug|x86
		Release|x64 = Release|x64
		Release|x86 = Release|x86
	EndGlobalSection
	GlobalSection(ProjectConfigurationPlatforms) = postSolution
		{C92E3B94-C8B4-4E5D-88FF-C3CA65AA6B73}.Debug|x64.ActiveCfg = Debug|x64
		{C92E3B94-C8B4-4E5D-88FF-C3CA65AA6B73}.Debug|x64.Build.0 = Debug|x64
		{C92E3B94-C8B4-4E5D-88FF-C3CA65AA6B73}.Debug|x86.ActiveCfg = Debug|Win32
		{C92E3B94-C8B4-4E5D-88FF-C3CA65AA6B73}.Debug|x86.Build.0 = Debug|Win32
		{C92E3B94-C8B4-4E5D-88FF-C3CA65AA6B73}.Release|x64.ActiveCfg = Release|x64
		{C92E3B94-C8B4-4E5D-88FF-C3CA65AA6B73}.Release|x64.Build.0 = Release|x64
		{C92E3B94-C8B4-4E5D-88FF-C3CA65AA6B73}.Release|x86.ActiveCfg = Release|Win32
		{C92E3B94-C8B4-4E5D-88FF-C3CA65AA6B73}.Release|x86.Build.0 = Release|Win32
		{6FCFF42E-2AFC-4A5B-912D-09ADF81D13A7}.Debug|x64.ActiveCfg = Debug|x64
		{6FCFF42E-2AFC-4A5B-912D-09ADF81D13A7}.Debug|x64.Build.0 = Debug|x64
		{6FCFF42E-2AFC-4A5B-912D-09ADF81D13A7}.Debug|x86.ActiveCfg = Debug|Win32
		{6FCFF42E-2AFC-4A5B-912D-09ADF81D13A7}.Debug|x86.Build.0 = Debug|Win32
		{6FCFF42E-2AFC-4A5B-912D-09ADF81D13A7}.Release|x64.ActiveCfg = Release|x64
		{6FCFF42E-2AFC-4A5B-912D-09ADF81D13A7}.Release|x64.Build.0 = Release|x64
		{6FCFF42E-2AFC-4A5B-912D-09ADF81D13A7}.Release|x86.ActiveCfg = Release|Win32
		{6FCFF42E-2AFC-4A5B-912D-09ADF81D13A7}.Release|x86.Build.0 = Release|Win32
		{A4AD5A68-D826-413A-ABB2-13B3D532A1AA}.Debug|x64.ActiveCfg = Debug|x64
		{A4AD5A68-D826-413A-ABB2-13B3D532A1AA}.Debug|x64.Build.0 = Debug|x64
		{A4AD5A68-D826-413A-ABB2-13B3D532A1AA}.Debug|x86.ActiveCfg = Debug|Win32
		{A4AD5A68-D826-413A-ABB2-13B3D532A1AA}.Debug|x86.Build.0 = Debug|Win32
		{A4AD5A68-D826-413A-ABB2-13B3D532A1AA}.Release|x64.ActiveCfg = Release|x64
		{A4AD5A68-D826-413A-ABB2-13B3D532A1AA}.Release|x64.Build.0 = Release|x64
		{A4AD5A68-D826-413A-ABB2-13B3D532A1AA}.Release|x86.ActiveCfg = Release|Win32
		{A4AD5A68-D826-413A-ABB2-13B3D532A1AA}.Release|x86.Build.0 = Release|Win32
		{D67796D7-3D0F-4929-BAD1-9410EFBDBCFA}.Debug|x64.ActiveCfg = Debug|x64
		{D67796D7-3D0F-4929-BAD1-9410EFBDBCFA}.Debug|x64.Build.0 = Debug|x64
		{D67796D7-3D0F-4929-BAD1-9410EFBDBCFA}.Debug|x86.ActiveCfg = Debug|Win32
		{D67796D7-3D0F-4929-BAD1-9410EFBDBCFA}.Debug|x86.Build.0 = Debug|Win32
		{D67796D7-3D0F-4929-BAD1-9410EFBDBCFA}.Release|x64.ActiveCfg = Release|x64
		{D67796D7-3D0F-4929-BAD1-9410EFBDBCFA}.Release|x64.Build.0 = Release|x64
		{D67796D7-3D0F-4929-BAD1-9410EFBDBCFA}.Release|x86.ActiveCfg = Release|Win32
		{D67796D7-3D0F-4929-BAD1-9410EFBDBCFA}.Release|x86.Build.0 = Release|Win32
		{2373E886-C0AD-4702-B0BE-3A6967678B8B}.Debug|x64.ActiveCfg = Debug|x64
		{2373E886-C0AD-4702-B0BE-3A6967678B8B}.Debug|x64.Build.0 = Debug|x64
		{2373E886-C0AD-4702-B0BE-3A6967678B8B}.Debug|x86.ActiveCfg = Debug|Win32
		{2373E886-C0AD-4702-B0BE-3A6967678B8B}.Debug|x86.Build.0 = Debug|Win32
		{2373E886-C0AD-4702-B0BE-3A6967678B8B}.Release|x64.ActiveCfg = Release|x64
		{2373E886-C0AD-4702-B0BE-3A6967678B8B}.Release|x64.Build.0 = Release|x64
		{2373E886-C0AD-4702-B0BE-3A6967678B8B}.Release|x86.ActiveCfg = Release|Win32
		{2373E886-C0AD-4702-B0BE-3A6967678B8B}.Release|x86.Build.0 = Release|Win32
		{044684DA-2E54-4628-BCFD-B795C281EDF6}.Debug|x64.ActiveCfg = Debug|x64
		{044684DA-2E54-4628-BCFD-B795C281EDF6}.Debug|x64.Build.0 = Debug|x64
		{044684DA-2E54-4628-BCFD-B795C281EDF6}.Debug|x86.ActiveCfg = Debug|Win32
		{044684DA-2E54-4628-BCFD-B795C281EDF6}.Debug|x86.Build.0 = Debug|Win32
		{044684DA-2E54-4628-BCFD-B795C281EDF6}.Release|x64.ActiveCfg = Release|x64
		{044684DA-2E54-4628-BCFD-B795C281EDF6}.Release|x64.Build.0 = Release|x64
		{044684DA-2E54-4628-BCFD-B795C281EDF6}.Release|x86.ActiveCfg = Release|Win32
		{044684DA-2E54-4628-BCFD-B795C281EDF6}.Release|x86.Build.0 = Release|Win32
		{2C7BDF24-5040-49B1-8AD5-8EC0A9408223}.Debug|x64.ActiveCfg = Debug|x64
		{2C7BDF24-5040-49B1-8AD5-8EC0A9408223}.Debug|x64.Build.0 = Debug|x64
		{2C7BDF24-5040-49B1-8AD5-8EC0A9408223}.Debug|x86.ActiveCfg = Debug|Win32
		{2C7BDF24-5040-49B1-8AD5-8EC0A9408223}.Debug|x86.Build.0 = Debug|Win32
		{2C7BDF24-5040-49B1-8AD5-8EC0A9408223}.Release|x64.ActiveCfg = Release|x64
		{2C7BDF24-5040-49B1-8AD5-8EC0A9408223}.Release|x64.Build.0 = Release|x64
		{2C7BDF24-5040-49B1-8AD5-8EC0A9408223}.Release|x86.ActiveCfg = Release|Win32
		{2C7BDF24-5040-49B1-8AD5-8EC0A9408223}.Release|x86.Build.0 = Release|Win32
		{32E4652A-C921-45F4-B68C-C514798C3C20}.Debug|x64.ActiveCfg = Debug|x64
		{32E4652A-C921-45F4-B68C-C514798C3C20}.Debug|x64.Build.0 = Debug|x64
		{32E4652A-C921-45F4-B68C-C514798C3C20}.Debug|x86.ActiveCfg = Debug|Win32
		{32E4652A-C921-45F4-B68C-C514798C3C20}.Debug|x86.Build.0 = Debug|Win32
		{32E4652A-C921-45F4-B68C-C514798C3C20}.Release|x64.ActiveCfg = Release|x64
		{32E4652A-C921-45F4-B68C-C514798C3C20}.Release|x64.Build.0 = Release|x64
		{32E4652A-C921-45F4-B68C-C514798C3C20}.Release|x86.ActiveCfg = Release|Win32
		{32E4652A-C921-45F4-B68C-C514798C3C20}.Release|x86.Build.0 = Release|Win32
		{CC2FA1D5-B84B-4051-8247-BB96903710FD}.Debug|x64.ActiveCfg = Debug|x64
		{CC2FA1D5-B84B-4051-8247-BB96903710FD}.Debug|x64.Build.0 = Debug|x64
		{CC2FA1D5-B84B-4051-8247-BB96903710FD}.Debug|x86.ActiveCfg = Debug|Win32
		{CC2FA1D5-B84B-4051-8247-BB96903710FD}.Debug|x86.Build.0 = Debug|Win32
		{CC2FA1D5-B84B-4051-8247-BB96903710FD}.Release|x64.ActiveCfg = Release|x64
		{CC2FA1D5-B84B-4051-8247-BB96903710FD}.Release|x64.Build.0 = Release|x64
		{CC2FA1D5-B84B-4051-8247-BB96903710FD}.Release|x86.ActiveCfg = Release|Win32
		{CC2FA1D5-B84B-4051-8247-BB96903710FD}.Release|x86.Build.0 = Release|Win32
		{A8500A41-8FF1-4BE7-88A7-CC824A860ED5}.Debug|x64.ActiveCfg = Debug|x64
		{A8500A41-8FF1-4BE7-88A7-CC824A860ED5}.Debug|x64.Build.0 = Debug|x64
		{A8500A41-8FF1-4BE7-88A7-CC824A860ED5}.Debug|x86.ActiveCfg = Debug|Win32
		{A8500A41-8FF1-4BE7-88A7-CC824A860ED5}.Debug|x86.Build.0 = Debug|Win32
		{A8500A41-8FF1-4BE7-88A7-CC824A860ED5}.Release|x64.ActiveCfg = Release|x64
		{A8500A41-8FF1-4BE7-88A7-CC824A860ED5}.Release|x64.Build.0 = Release|x64
		{A8500A41-8FF1-4BE7-88A7-CC824A860ED5}.Release|x86.ActiveCfg = Release|Win32
		{A8500A41-8FF1-4BE7-88A7-CC824A860ED5}.Release|x86.Build.0 = Release|Win32
		{8C1BA1DD-9D24-422D-9AC0-CF2756FBA2F2}.Debug|x64.ActiveCfg = Debug|x64
		{8C1BA1DD-9D24-422D-9AC0-CF2756FBA2F2}.Debug|x64.Build.0 = Debug|x64
		{8C1BA1DD-9D24-422D-9AC0-CF2756FBA2F2}.Debug|x86.ActiveCfg = Debug|Win32
		{8C1BA1DD-9D24-422D-9AC0-CF2756FBA2F2}.Debug|x86.Build.0 = Debug|Win32
		{8C1BA1DD-9D24-422D-9AC0-CF2756FBA2F2}.Release|x64.ActiveCfg = Release|x64
		{8C1BA1DD-9D24-422D-9AC0-CF2756FBA2F2}.Release|x64.Build.0 = Release|x64
		{8C1BA1DD-9D24-422D-9AC0-CF2756FBA2F2}.Release|x86.ActiveCfg = Release|Win32
		{8C1BA1DD-9D24-422D-9AC0-CF2756FBA2F2}.Release|x86.Build.0 = Release|Win32
	EndGlobalSection
	GlobalSection(SolutionProperties) = preSolution
		HideSolutionNode = FALSE
	EndGlobalSection
EndGlobal
